{
  "name": "webmaster-2019",
  "version": "1.0.0",
  "lockfileVersion": 1,
  "requires": true,
  "dependencies": {
    
   
   
    "bootstrap": {
      "version": "4.3.1",
      "resolved": "https://registry.npmjs.org/bootstrap/-/bootstrap-4.3.1.tgz",
      "integrity": "sha512-rXqOmH1VilAt2DyPzluTi2blhk17bO7ef+zLLPlWvG494pDxcM234pJ8wTc/6R40UWizAIIMgxjvxZg5kmsbag=="
    },
    "browserify": {
      "version": "16.2.3",
      "resolved": "https://registry.npmjs.org/browserify/-/browserify-16.2.3.tgz",
      "integrity": "sha512-zQt/Gd1+W+IY+h/xX2NYMW4orQWhqSwyV+xsblycTtpOuB27h1fZhhNQuipJ4t79ohw4P4mMem0jp/ZkISQtjQ==",
      "dev": true,
      "requires": {
        "JSONStream": "1.3.5",
        "assert": "1.4.1",
        "browser-pack": "6.1.0",
        "browser-resolve": "1.11.3",
        "browserify-zlib": "0.2.0",
        "buffer": "5.2.1",
        "cached-path-relative": "1.0.2",
        "concat-stream": "1.6.2",
        "console-browserify": "1.1.0",
        "constants-browserify": "1.0.0",
        "crypto-browserify": "3.12.0",
        "defined": "1.0.0",
        "deps-sort": "2.0.0",
        "domain-browser": "1.2.0",
        "duplexer2": "0.1.4",
        "events": "2.1.0",
        "glob": "7.1.3",
        "has": "1.0.3",
        "htmlescape": "1.1.1",
        "https-browserify": "1.0.0",
        "inherits": "2.0.3",
        "insert-module-globals": "7.2.0",
        "labeled-stream-splicer": "2.0.1",
        "mkdirp": "0.5.1",
        "module-deps": "6.2.0",
        "os-browserify": "0.3.0",
        "parents": "1.0.1",
        "path-browserify": "0.0.1",
        "process": "0.11.10",
        "punycode": "1.4.1",
        "querystring-es3": "0.2.1",
        "read-only-stream": "2.0.0",
        "readable-stream": "2.3.6",
        "resolve": "1.10.0",
        "shasum": "1.0.2",
        "shell-quote": "1.6.1",
        "stream-browserify": "2.0.2",
        "stream-http": "2.8.3",
        "string_decoder": "1.2.0",
        "subarg": "1.0.0",
        "syntax-error": "1.4.0",
        "through2": "2.0.5",
        "timers-browserify": "1.4.2",
        "tty-browserify": "0.0.1",
        "url": "0.11.0",
        "util": "0.10.4",
        "vm-browserify": "1.1.0",
        "xtend": "4.0.1"
      }
    },
    "browserify-aes": {
      "version": "1.2.0",
      "resolved": "https://registry.npmjs.org/browserify-aes/-/browserify-aes-1.2.0.tgz",
      "integrity": "sha512-+7CHXqGuspUn/Sl5aO7Ea0xWGAtETPXNSAjHo48JfLdPWcMng33Xe4znFvQweqc/uzk5zSOI3H52CYnjCfb5hA==",
      "dev": true,
      "requires": {
        "buffer-xor": "1.0.3",
        "cipher-base": "1.0.4",
        "create-hash": "1.2.0",
        "evp_bytestokey": "1.0.3",
        "inherits": "2.0.3",
        "safe-buffer": "5.1.2"
      }
    },
    "browserify-cipher": {
      "version": "1.0.1",
      "resolved": "https://registry.npmjs.org/browserify-cipher/-/browserify-cipher-1.0.1.tgz",
      "integrity": "sha512-sPhkz0ARKbf4rRQt2hTpAHqn47X3llLkUGn+xEJzLjwY8LRs2p0v7ljvI5EyoRO/mexrNunNECisZs+gw2zz1w==",
      "dev": true,
      "requires": {
        "browserify-aes": "1.2.0",
        "browserify-des": "1.0.2",
        "evp_bytestokey": "1.0.3"
      }
    },
    "browserify-des": {
      "version": "1.0.2",
      "resolved": "https://registry.npmjs.org/browserify-des/-/browserify-des-1.0.2.tgz",
      "integrity": "sha512-BioO1xf3hFwz4kc6iBhI3ieDFompMhrMlnDFC4/0/vd5MokpuAc3R+LYbwTA9A5Yc9pq9UYPqffKpW2ObuwX5A==",
      "dev": true,
      "requires": {
        "cipher-base": "1.0.4",
        "des.js": "1.0.0",
        "inherits": "2.0.3",
        "safe-buffer": "5.1.2"
      }
    },
    "browserify-rsa": {
      "version": "4.0.1",
      "resolved": "https://registry.npmjs.org/browserify-rsa/-/browserify-rsa-4.0.1.tgz",
      "integrity": "sha1-IeCr+vbyApzy+vsTNWenAdQTVSQ=",
      "dev": true,
      "requires": {
        "bn.js": "4.11.8",
        "randombytes": "2.0.6"
      }
    },
    "browserify-sign": {
      "version": "4.0.4",
      "resolved": "https://registry.npmjs.org/browserify-sign/-/browserify-sign-4.0.4.tgz",
      "integrity": "sha1-qk62jl17ZYuqa/alfmMMvXqT0pg=",
      "dev": true,
      "requires": {
        "bn.js": "4.11.8",
        "browserify-rsa": "4.0.1",
        "create-hash": "1.2.0",
        "create-hmac": "1.1.7",
        "elliptic": "6.4.1",
        "inherits": "2.0.3",
        "parse-asn1": "5.1.4"
      }
    },
    "browserify-zlib": {
      "version": "0.2.0",
      "resolved": "https://registry.npmjs.org/browserify-zlib/-/browserify-zlib-0.2.0.tgz",
      "integrity": "sha512-Z942RysHXmJrhqk88FmKBVq/v5tqmSkDz7p54G/MGyjMnCFFnC79XWNbg+Vta8W6Wb2qtSZTSxIGkJrRpCFEiA==",
      "dev": true,
      "requires": {
        "pako": "1.0.8"
      }
    },
    "cssify": {
      "version": "1.0.3",
      "resolved": "https://registry.npmjs.org/cssify/-/cssify-1.0.3.tgz",
      "integrity": "sha1-fpzfay/GCFlibSk6ao+yKuoaowg=",
      "dev": true,
      "requires": {
        "css-modules-loader-core": "1.1.0",
        "lodash.assign": "3.2.0",
        "resolve": "1.10.0",
        "string-hash": "1.1.3",
        "stringify-object": "2.4.0",
        "through2": "2.0.5"
      }
    },
    "jquery": {
      "version": "3.3.1",
      "resolved": "https://registry.npmjs.org/jquery/-/jquery-3.3.1.tgz",
      "integrity": "sha512-Ubldcmxp5np52/ENotGxlLe6aGMvmF4R8S6tZjsP6Knsaxd/xp3Zrh50cG93lR6nPXyUFwzN3ZSOQI0wRJNdGg=="
    },
    "popper.js": {
      "version": "1.14.7",
      "resolved": "https://registry.npmjs.org/popper.js/-/popper.js-1.14.7.tgz",
      "integrity": "sha512-4q1hNvoUre/8srWsH7hnoSJ5xVmIL4qgz+s4qf2TnJIMyZFUFMGH+9vE7mXynAlHSZ/NdTmmow86muD0myUkVQ=="
    },
    "watchify": {
      "version": "3.11.0",
      "resolved": "https://registry.npmjs.org/watchify/-/watchify-3.11.0.tgz",
      "integrity": "sha512-7jWG0c3cKKm2hKScnSAMUEUjRJKXUShwMPk0ASVhICycQhwND3IMAdhJYmc1mxxKzBUJTSF5HZizfrKrS6BzkA==",
      "dev": true,
      "requires": {
        "anymatch": "1.3.2",
        "browserify": "16.2.3",
        "chokidar": "1.7.0",
        "defined": "1.0.0",
        "outpipe": "1.1.1",
        "through2": "2.0.5",
        "xtend": "4.0.1"
      }
    }
  }
}
